{
  "nodes": {
    "home-manager": {
      "inputs": {
        "nixpkgs": [
          "nixpkgs"
        ]
      },
      "locked": {
        "lastModified": 1647175256,
        "narHash": "sha256-7H+veXPM7IwdN1DoZqliwb9sghlN56koV5dnCu1kpsc=",
        "owner": "nix-community",
        "repo": "home-manager",
        "rev": "a8d00f5c038cf7ec54e7dac9c57b171c1217f008",
        "type": "github"
      },
      "original": {
        "owner": "nix-community",
        "ref": "release-21.11",
        "repo": "home-manager",
        "type": "github"
      }
    },
    "nixpkgs": {
      "locked": {
        "lastModified": 1647902355,
        "narHash": "sha256-SySJ8IRaogpc/BPOkysA+kzq9URvXthoeKIemaTKCiM=",
        "owner": "nixos",
        "repo": "nixpkgs",
        "rev": "31aa631dbc496500efd2507baaed39626f6650f2",
        "type": "github"
      },
      "original": {
        "owner": "nixos",
        "ref": "nixos-21.11",
        "repo": "nixpkgs",
        "type": "github"
      }
    },
    "nixpkgs-unstable": {
      "locked": {
        "lastModified": 1647893727,
        "narHash": "sha256-pOi7VdCb+s5Cwh5CS7YEZVRgH9uCmE87J5W7iXv29Ck=",
        "owner": "NixOS",
        "repo": "nixpkgs",
        "rev": "1ec61dd4167f04be8d05c45780818826132eea0d",
        "type": "github"
      },
      "original": {
        "owner": "NixOS",
        "ref": "nixos-unstable",
        "repo": "nixpkgs",
        "type": "github"
      }
    },
    "root": {
      "inputs": {
        "home-manager": "home-manager",
        "nixpkgs": "nixpkgs",
        "nixpkgs-unstable": "nixpkgs-unstable"
      }
    }
  },
  "root": "root",
  "version": 7
}
